{
  "name": "gitdone-pulselog",
  "version": "0.0.0",
  "lockfileVersion": 3,
  "requires": true,
  "packages": {
    "": {
      "name": "gitdone-pulselog",
      "version": "0.0.0",
      "dependencies": {
        "pulselog": "^0.4.1"
      },
      "engines": {
        "node": ">=18"
      }
    },
    "node_modules/pulselog": {
      "version": "0.4.1",
      "resolved": "https://registry.npmjs.org/pulselog/-/pulselog-0.4.1.tgz",
      "integrity": "sha512-5Ebq4Wza6w8NwMtPEH8sAoZUDa/3bflEqHGRa0QHGBDUvCgYDpNlJXFZ/Ax32vRq1G9T6nku5BScgr+iESNuIA==",
      "license": "Apache-2.0",
      "bin": {
        "pulselog": "bin/pulselog.js"
      },
      "engines": {
        "node": ">=18"
      }
    }
  }
}
