{
  "name": "gitdone-pulselog",
  "version": "0.0.0",
  "lockfileVersion": 3,
  "requires": true,
  "packages": {
    "": {
      "name": "gitdone-pulselog",
      "version": "0.0.0",
      "dependencies": {
        "pulselog": "^0.3.0"
      },
      "engines": {
        "node": ">=18"
      }
    },
    "node_modules/pulselog": {
      "version": "0.3.0",
      "resolved": "https://registry.npmjs.org/pulselog/-/pulselog-0.3.0.tgz",
      "integrity": "sha512-v+ZywkvwN/X8Z0fYHGTbl9aozXyHW8JgrYxqUd9k0Q25eN+vSSb5ud7GEWt9T1XvXMVBMdVsKedS8BW1H7PLJA==",
      "license": "Apache-2.0",
      "bin": {
        "pulselog": "bin/pulselog.js"
      },
      "engines": {
        "node": ">=18"
      }
    }
  }
}
