{
  "name": "gitdone-pulselog",
  "version": "0.0.0",
  "lockfileVersion": 3,
  "requires": true,
  "packages": {
    "": {
      "name": "gitdone-pulselog",
      "version": "0.0.0",
      "dependencies": {
        "pulselog": "^0.6.0"
      },
      "engines": {
        "node": ">=18"
      }
    },
    "node_modules/pulselog": {
      "version": "0.6.0",
      "resolved": "https://registry.npmjs.org/pulselog/-/pulselog-0.6.0.tgz",
      "integrity": "sha512-6p0CclHgEKUs7ACjsi8+7K7GiKtpGZgXX7IBlPP3VxCaTTa5lRJPrB9ftLTSqF9MfHoL97EEiEtRlD6y6a1XiQ==",
      "license": "Apache-2.0",
      "bin": {
        "pulselog": "bin/pulselog.js"
      },
      "engines": {
        "node": ">=18"
      }
    }
  }
}
